// !$*UTF8*$!
{
	archiveVersion = 1;
	classes = {
	};
	objectVersion = 46;
	objects = {

/* Begin PBXBuildFile section */
		5A821C7A20E4C895000B9EF5 /* main.m in Sources */ = {isa = PBXBuildFile; fileRef = 5A821C7920E4C895000B9EF5 /* main.m */; };
		5A821C7D20E4C895000B9EF5 /* AppDelegate.m in Sources */ = {isa = PBXBuildFile; fileRef = 5A821C7C20E4C895000B9EF5 /* AppDelegate.m */; };
		5A821C8020E4C895000B9EF5 /* ViewController.m in Sources */ = {isa = PBXBuildFile; fileRef = 5A821C7F20E4C895000B9EF5 /* ViewController.m */; };
		5A821C8320E4C895000B9EF5 /* Main.storyboard in Resources */ = {isa = PBXBuildFile; fileRef = 5A821C8120E4C895000B9EF5 /* Main.storyboard */; };
		5A821C8520E4C895000B9EF5 /* Assets.xcassets in Resources */ = {isa = PBXBuildFile; fileRef = 5A821C8420E4C895000B9EF5 /* Assets.xcassets */; };
		5A821C8820E4C895000B9EF5 /* LaunchScreen.storyboard in Resources */ = {isa = PBXBuildFile; fileRef = 5A821C8620E4C895000B9EF5 /* LaunchScreen.storyboard */; };
/* End PBXBuildFile section */

/* Begin PBXFileReference section */
		5A821C7520E4C895000B9EF5 /* Hello World.app */ = {isa = PBXFileReference; explicitFileType = wrapper.application; includeInIndex = 0; path = "Hello World.app"; sourceTree = BUILT_PRODUCTS_DIR; };
		5A821C7920E4C895000B9EF5 /* main.m */ = {isa = PBXFileReference; lastKnownFileType = sourcecode.c.objc; path = main.m; sourceTree = "<group>"; };
		5A821C7B20E4C895000B9EF5 /* AppDelegate.h */ = {isa = PBXFileReference; lastKnownFileType = sourcecode.c.h; path = AppDelegate.h; sourceTree = "<group>"; };
		5A821C7C20E4C895000B9EF5 /* AppDelegate.m */ = {isa = PBXFileReference; lastKnownFileType = sourcecode.c.objc; path = AppDelegate.m; sourceTree = "<group>"; };
		5A821C7E20E4C895000B9EF5 /* ViewController.h */ = {isa = PBXFileReference; lastKnownFileType = sourcecode.c.h; path = ViewController.h; sourceTree = "<group>"; };
		5A821C7F20E4C895000B9EF5 /* ViewController.m */ = {isa = PBXFileReference; lastKnownFileType = sourcecode.c.objc; path = ViewController.m; sourceTree = "<group>"; };
		5A821C8220E4C895000B9EF5 /* Base */ = {isa = PBXFileReference; lastKnownFileType = file.storyboard; name = Base; path = Base.lproj/Main.storyboard; sourceTree = "<group>"; };
		5A821C8420E4C895000B9EF5 /* Assets.xcassets */ = {isa = PBXFileReference; lastKnownFileType = folder.assetcatalog; path = Assets.xcassets; sourceTree = "<group>"; };
		5A821C8720E4C895000B9EF5 /* Base */ = {isa = PBXFileReference; lastKnownFileType = file.storyboard; name = Base; path = Base.lproj/LaunchScreen.storyboard; sourceTree = "<group>"; };
		5A821C8920E4C895000B9EF5 /* Info.plist */ = {isa = PBXFileReference; lastKnownFileType = text.plist.xml; path = Info.plist; sourceTree = "<group>"; };
/* End PBXFileReference section */

/* Begin PBXFrameworksBuildPhase section */
		5A821C7220E4C895000B9EF5 /* Frameworks */ = {
			isa = PBXFrameworksBuildPhase;
			buildActionMask = 2147483647;
			files = (
			);
			runOnlyForDeploymentPostprocessing = 0;
		};
/* End PBXFrameworksBuildPhase section */

/* Begin PBXGroup section */
		5A821C6C20E4C895000B9EF5 = {
			isa = PBXGroup;
			children = (
				5A821C7720E4C895000B9EF5 /* Hello World */,
				5A821C7620E4C895000B9EF5 /* Products */,
			);
			sourceTree = "<group>";
		};
		5A821C7620E4C895000B9EF5 /* Products */ = {
			isa = PBXGroup;
			children = (
				5A821C7520E4C895000B9EF5 /* Hello World.app */,
			);
			name = Products;
			sourceTree = "<group>";
		};
		5A821C7720E4C895000B9EF5 /* Hello World */ = {
			isa = PBXGroup;
			children = (
				5A821C7B20E4C895000B9EF5 /* AppDelegate.h */,
				5A821C7C20E4C895000B9EF5 /* AppDelegate.m */,
				5A821C7E20E4C895000B9EF5 /* ViewController.h */,
				5A821C7F20E4C895000B9EF5 /* ViewController.m */,
				5A821C8120E4C895000B9EF5 /* Main.storyboard */,
				5A821C8420E4C895000B9EF5 /* Assets.xcassets */,
				5A821C8620E4C895000B9EF5 /* LaunchScreen.storyboard */,
				5A821C8920E4C895000B9EF5 /* Info.plist */,
				5A821C7820E4C895000B9EF5 /* Supporting Files */,
			);
			path = "Hello World";
			sourceTree = "<group>";
		};
		5A821C7820E4C895000B9EF5 /* Supporting Files */ = {
			isa = PBXGroup;
			children = (
				5A821C7920E4C895000B9EF5 /* main.m */,
			);
			name = "Supporting Files";
			sourceTree = "<group>";
		};
/* End PBXGroup section */

/* Begin PBXNativeTarget section */
		5A821C7420E4C895000B9EF5 /* Hello World */ = {
			isa = PBXNativeTarget;
			buildConfigurationList = 5A821C8C20E4C895000B9EF5 /* Build configuration list for PBXNativeTarget "Hello World" */;
			buildPhases = (
				5A821C7120E4C895000B9EF5 /* Sources */,
				5A821C7220E4C895000B9EF5 /* Frameworks */,
				5A821C7320E4C895000B9EF5 /* Resources */,
			);
			buildRules = (
			);
			dependencies = (
			);
			name = "Hello World";
			productName = "Hello World";
			productReference = 5A821C7520E4C895000B9EF5 /* Hello World.app */;
			productType = "com.apple.product-type.application";
		};
/* End PBXNativeTarget section */

/* Begin PBXProject section */
		5A821C6D20E4C895000B9EF5 /* Project object */ = {
			isa = PBXProject;
			attributes = {
				LastUpgradeCheck = 0830;
				ORGANIZATIONNAME = ybq;
				TargetAttributes = {
					5A821C7420E4C895000B9EF5 = {
						CreatedOnToolsVersion = 8.3;
						ProvisioningStyle = Automatic;
					};
				};
			};
			buildConfigurationList = 5A821C7020E4C895000B9EF5 /* Build configuration list for PBXProject "Hello World" */;
			compatibilityVersion = "Xcode 3.2";
			developmentRegion = English;
			hasScannedForEncodings = 0;
			knownRegions = (
				en,
				Base,
			);
			mainGroup = 5A821C6C20E4C895000B9EF5;
			productRefGroup = 5A821C7620E4C895000B9EF5 /* Products */;
			projectDirPath = "";
			projectRoot = "";
			targets = (
				5A821C7420E4C895000B9EF5 /* Hello World */,
			);
		};
/* End PBXProject section */

/* Begin PBXResourcesBuildPhase section */
		5A821C7320E4C895000B9EF5 /* Resources */ = {
			isa = PBXResourcesBuildPhase;
			buildActionMask = 2147483647;
			files = (
				5A821C8820E4C895000B9EF5 /* LaunchScreen.storyboard in Resources */,
				5A821C8520E4C895000B9EF5 /* Assets.xcassets in Resources */,
				5A821C8320E4C895000B9EF5 /* Main.storyboard in Resources */,
			);
			runOnlyForDeploymentPostprocessing = 0;
		};
/* End PBXResourcesBuildPhase section */

/* Begin PBXSourcesBuildPhase section */
		5A821C7120E4C895000B9EF5 /* Sources */ = {
			isa = PBXSourcesBuildPhase;
			buildActionMask = 2147483647;
			files = (
				5A821C8020E4C895000B9EF5 /* ViewController.m in Sources */,
				5A821C7D20E4C895000B9EF5 /* AppDelegate.m in Sources */,
				5A821C7A20E4C895000B9EF5 /* main.m in Sources */,
			);
			runOnlyForDeploymentPostprocessing = 0;
		};
/* End PBXSourcesBuildPhase section */

/* Begin PBXVariantGroup section */
		5A821C8120E4C895000B9EF5 /* Main.storyboard */ = {
			isa = PBXVariantGroup;
			children = (
				5A821C8220E4C895000B9EF5 /* Base */,
			);
			name = Main.storyboard;
			sourceTree = "<group>";
		};
		5A821C8620E4C895000B9EF5 /* LaunchScreen.storyboard */ = {
			isa = PBXVariantGroup;
			children = (
				5A821C8720E4C895000B9EF5 /* Base */,
			);
			name = LaunchScreen.storyboard;
			sourceTree = "<group>";
		};
/* End PBXVariantGroup section */

/* Begin XCBuildConfiguration section */
		5A821C8A20E4C895000B9EF5 /* Debug */ = {
			isa = XCBuildConfiguration;
			buildSettings = {
				ALWAYS_SEARCH_USER_PATHS = NO;
				CLANG_ANALYZER_NONNULL = YES;
				CLANG_ANALYZER_NUMBER_OBJECT_CONVERSION = YES_AGGRESSIVE;
				CLANG_CXX_LANGUAGE_STANDARD = "gnu++0x";
				CLANG_CXX_LIBRARY = "libc++";
				CLANG_ENABLE_MODULES = YES;
				CLANG_ENABLE_OBJC_ARC = YES;
				CLANG_WARN_BOOL_CONVERSION = YES;
				CLANG_WARN_CONSTANT_CONVERSION = YES;
				CLANG_WARN_DIRECT_OBJC_ISA_USAGE = YES_ERROR;
				CLANG_WARN_DOCUMENTATION_COMMENTS = YES;
				CLANG_WARN_EMPTY_BODY = YES;
				CLANG_WARN_ENUM_CONVERSION = YES;
				CLANG_WARN_INFINITE_RECURSION = YES;
				CLANG_WARN_INT_CONVERSION = YES;
				CLANG_WARN_OBJC_ROOT_CLASS = YES_ERROR;
				CLANG_WARN_SUSPICIOUS_MOVE = YES;
				CLANG_WARN_UNREACHABLE_CODE = YES;
				CLANG_WARN__DUPLICATE_METHOD_MATCH = YES;
				"CODE_SIGN_IDENTITY[sdk=iphoneos*]" = "iPhone Developer";
				COPY_PHASE_STRIP = NO;
				DEBUG_INFORMATION_FORMAT = dwarf;
				ENABLE_STRICT_OBJC_MSGSEND = YES;
				ENABLE_TESTABILITY = YES;
				GCC_C_LANGUAGE_STANDARD = gnu99;
				GCC_DYNAMIC_NO_PIC = NO;
				GCC_NO_COMMON_BLOCKS = YES;
				GCC_OPTIMIZATION_LEVEL = 0;
				GCC_PREPROCESSOR_DEFINITIONS = (
					"DEBUG=1",
					"$(inherited)",
				);
				GCC_WARN_64_TO_32_BIT_CONVERSION = YES;
				GCC_WARN_ABOUT_RETURN_TYPE = YES_ERROR;
				GCC_WARN_UNDECLARED_SELECTOR = YES;
				GCC_WARN_UNINITIALIZED_AUTOS = YES_AGGRESSIVE;
				GCC_WARN_UNUSED_FUNCTION = YES;
				GCC_WARN_UNUSED_VARIABLE = YES;
				IPHONEOS_DEPLOYMENT_TARGET = 10.3;
				MTL_ENABLE_DEBUG_INFO = YES;
				ONLY_ACTIVE_ARCH = YES;
				SDKROOT = iphoneos;
				TARGETED_DEVICE_FAMILY = "1,2";
			};
			name = Debug;
		};
		5A821C8B20E4C895000B9EF5 /* Release */ = {
			isa = XCBuildConfiguration;
			buildSettings = {
				ALWAYS_SEARCH_USER_PATHS = NO;
				CLANG_ANALYZER_NONNULL = YES;
				CLANG_ANALYZER_NUMBER_OBJECT_CONVERSION = YES_AGGRESSIVE;
				CLANG_CXX_LANGUAGE_STANDARD = "gnu++0x";
				CLANG_CXX_LIBRARY = "libc++";
				CLANG_ENABLE_MODULES = YES;
				CLANG_ENABLE_OBJC_ARC = YES;
				CLANG_WARN_BOOL_CONVERSION = YES;
				CLANG_WARN_CONSTANT_CONVERSION = YES;
				CLANG_WARN_DIRECT_OBJC_ISA_USAGE = YES_ERROR;
				CLANG_WARN_DOCUMENTATION_COMMENTS = YES;
				CLANG_WARN_EMPTY_BODY = YES;
				CLANG_WARN_ENUM_CONVERSION = YES;
				CLANG_WARN_INFINITE_RECURSION = YES;
				CLANG_WARN_INT_CONVERSION = YES;
				CLANG_WARN_OBJC_ROOT_CLASS = YES_ERROR;
				CLANG_WARN_SUSPICIOUS_MOVE = YES;
				CLANG_WARN_UNREACHABLE_CODE = YES;
				CLANG_WARN__DUPLICATE_METHOD_MATCH = YES;
				"CODE_SIGN_IDENTITY[sdk=iphoneos*]" = "iPhone Developer";
				COPY_PHASE_STRIP = NO;
				DEBUG_INFORMATION_FORMAT = "dwarf-with-dsym";
				ENABLE_NS_ASSERTIONS = NO;
				ENABLE_STRICT_OBJC_MSGSEND = YES;
				GCC_C_LANGUAGE_STANDARD = gnu99;
				GCC_NO_COMMON_BLOCKS = YES;
				GCC_WARN_64_TO_32_BIT_CONVERSION = YES;
				GCC_WARN_ABOUT_RETURN_TYPE = YES_ERROR;
				GCC_WARN_UNDECLARED_SELECTOR = YES;
				GCC_WARN_UNINITIALIZED_AUTOS = YES_AGGRESSIVE;
				GCC_WARN_UNUSED_FUNCTION = YES;
				GCC_WARN_UNUSED_VARIABLE = YES;
				IPHONEOS_DEPLOYMENT_TARGET = 10.3;
				MTL_ENABLE_DEBUG_INFO = NO;
				SDKROOT = iphoneos;
				TARGETED_DEVICE_FAMILY = "1,2";
				VALIDATE_PRODUCT = YES;
			};
			name = Release;
		};
		5A821C8D20E4C895000B9EF5 /* Debug */ = {
			isa = XCBuildConfiguration;
			buildSettings = {
				ASSETCATALOG_COMPILER_APPICON_NAME = AppIcon;
				INFOPLIST_FILE = "Hello World/Info.plist";
				LD_RUNPATH_SEARCH_PATHS = "$(inherited) @executable_path/Frameworks";
				PRODUCT_BUNDLE_IDENTIFIER = "com.dinpay.Hello-World";
				PRODUCT_NAME = "$(TARGET_NAME)";
			};
			name = Debug;
		};
		5A821C8E20E4C895000B9EF5 /* Release */ = {
			isa = XCBuildConfiguration;
			buildSettings = {
				ASSETCATALOG_COMPILER_APPICON_NAME = AppIcon;
				INFOPLIST_FILE = "Hello World/Info.plist";
				LD_RUNPATH_SEARCH_PATHS = "$(inherited) @executable_path/Frameworks";
				PRODUCT_BUNDLE_IDENTIFIER = "com.dinpay.Hello-World";
				PRODUCT_NAME = "$(TARGET_NAME)";
			};
			name = Release;
		};
/* End XCBuildConfiguration section */

/* Begin XCConfigurationList section */
		5A821C7020E4C895000B9EF5 /* Build configuration list for PBXProject "Hello World" */ = {
			isa = XCConfigurationList;
			buildConfigurations = (
				5A821C8A20E4C895000B9EF5 /* Debug */,
				5A821C8B20E4C895000B9EF5 /* Release */,
			);
			defaultConfigurationIsVisible = 0;
			defaultConfigurationName = Release;
		};
		5A821C8C20E4C895000B9EF5 /* Build configuration list for PBXNativeTarget "Hello World" */ = {
			isa = XCConfigurationList;
			buildConfigurations = (
				5A821C8D20E4C895000B9EF5 /* Debug */,
				5A821C8E20E4C895000B9EF5 /* Release */,
			);
			defaultConfigurationIsVisible = 0;
		};
/* End XCConfigurationList section */
	};
	rootObject = 5A821C6D20E4C895000B9EF5 /* Project object */;
}
